
Microsoft Visual Studio Solution File, Format Version 12.00
# Visual Studio Version 16
VisualStudioVersion = 16.0.31105.61
MinimumVisualStudioVersion = 10.0.40219.1
Project("{FAE04EC0-301F-11D3-BF4B-00C04F79EFBC}") = "MathSquares", "MathSquares.csproj", "{2583F76A-E87C-49D1-938A-ECD11808A67B}"
EndProject
Global
	GlobalSection(SolutionConfigurationPlatforms) = preSolution
		Debug|Any CPU = Debug|Any CPU
		Release|Any CPU = Release|Any CPU
	EndGlobalSection
	GlobalSection(ProjectConfigurationPlatforms) = postSolution
		{2583F76A-E87C-49D1-938A-ECD11808A67B}.Debug|Any CPU.ActiveCfg = Debug|Any CPU
		{2583F76A-E87C-49D1-938A-ECD11808A67B}.Debug|Any CPU.Build.0 = Debug|Any CPU
		{2583F76A-E87C-49D1-938A-ECD11808A67B}.Release|Any CPU.ActiveCfg = Release|Any CPU
		{2583F76A-E87C-49D1-938A-ECD11808A67B}.Release|Any CPU.Build.0 = Release|Any CPU
	EndGlobalSection
	GlobalSection(SolutionProperties) = preSolution
		HideSolutionNode = FALSE
	EndGlobalSection
	GlobalSection(ExtensibilityGlobals) = postSolution
		SolutionGuid = {7389BEEE-306D-4E2D-99C4-F68FCF47CAAB}
	EndGlobalSection
EndGlobal
